
Microsoft Visual Studio Solution File, Format Version 12.00
# Visual Studio Version 17
VisualStudioVersion = 17.14.37628.2 d17.14
MinimumVisualStudioVersion = 10.0.40219.1
Project("{2150E333-8FDC-42A3-9474-1A3956D46DE8}") = "Task0", "Task0", "{02EA681E-C7D8-13C7-8484-4AC65E1B71E8}"
EndProject
Project("{FAE04EC0-301F-11D3-BF4B-00C04F79EFBC}") = "Tyuiu.VazhnikLN.Sprint3.Task0.V18", "Tyuiu.VazhnikLN.Sprint3.Task0.V18\Tyuiu.VazhnikLN.Sprint3.Task0.V18.csproj", "{AD8E0560-10CC-4151-8D83-6257D7398DA2}"
EndProject
Project("{FAE04EC0-301F-11D3-BF4B-00C04F79EFBC}") = "Tyuiu.VazhnikLN.Sprint3.Task0.V18.Test", "Tyuiu.VazhnikLN.Sprint3.Task0.V18.Test\Tyuiu.VazhnikLN.Sprint3.Task0.V18.Test.csproj", "{F543EE55-0933-47D6-83B3-7746881E00C5}"
EndProject
Project("{FAE04EC0-301F-11D3-BF4B-00C04F79EFBC}") = "Tyuiu.VazhnikLN.Sprint3.Task0.V18.Lib", "Tyuiu.VazhnikLN.Sprint3.Task0.V18.Lib\Tyuiu.VazhnikLN.Sprint3.Task0.V18.Lib.csproj", "{A03918A9-F229-42FF-B8BF-D6589B5232E4}"
EndProject
Project("{2150E333-8FDC-42A3-9474-1A3956D46DE8}") = "Task1", "Task1", "{9B0588E9-5674-4B40-B522-3371B35F72E1}"
EndProject
Project("{FAE04EC0-301F-11D3-BF4B-00C04F79EFBC}") = "Tyuiu.VazhnikLN.Sprint3.Task1.V22", "Tyuiu.VazhnikLN.Sprint3.Task1.V22\Tyuiu.VazhnikLN.Sprint3.Task1.V22.csproj", "{290A8729-E73D-4709-BE69-DE96B47D1637}"
EndProject
Project("{FAE04EC0-301F-11D3-BF4B-00C04F79EFBC}") = "Tyuiu.VazhnikLN.Sprint3.Task1.V22.Test", "Tyuiu.VazhnikLN.Sprint3.Task1.V22.Test\Tyuiu.VazhnikLN.Sprint3.Task1.V22.Test.csproj", "{A3CA706D-5749-4077-B086-F3E0670AC6C0}"
EndProject
Project("{FAE04EC0-301F-11D3-BF4B-00C04F79EFBC}") = "Tyuiu.VazhnikLN.Sprint3.Task1.V22.Lib", "Tyuiu.VazhnikLN.Sprint3.Task1.V22.Lib\Tyuiu.VazhnikLN.Sprint3.Task1.V22.Lib.csproj", "{BC5FE3F7-4C13-45A7-ACA5-4AAFF3C674D3}"
EndProject
Global
	GlobalSection(SolutionConfigurationPlatforms) = preSolution
		Debug|Any CPU = Debug|Any CPU
		Release|Any CPU = Release|Any CPU
	EndGlobalSection
	GlobalSection(ProjectConfigurationPlatforms) = postSolution
		{AD8E0560-10CC-4151-8D83-6257D7398DA2}.Debug|Any CPU.ActiveCfg = Debug|Any CPU
		{AD8E0560-10CC-4151-8D83-6257D7398DA2}.Debug|Any CPU.Build.0 = Debug|Any CPU
		{AD8E0560-10CC-4151-8D83-6257D7398DA2}.Release|Any CPU.ActiveCfg = Release|Any CPU
		{AD8E0560-10CC-4151-8D83-6257D7398DA2}.Release|Any CPU.Build.0 = Release|Any CPU
		{F543EE55-0933-47D6-83B3-7746881E00C5}.Debug|Any CPU.ActiveCfg = Debug|Any CPU
		{F543EE55-0933-47D6-83B3-7746881E00C5}.Debug|Any CPU.Build.0 = Debug|Any CPU
		{F543EE55-0933-47D6-83B3-7746881E00C5}.Release|Any CPU.ActiveCfg = Release|Any CPU
		{F543EE55-0933-47D6-83B3-7746881E00C5}.Release|Any CPU.Build.0 = Release|Any CPU
		{A03918A9-F229-42FF-B8BF-D6589B5232E4}.Debug|Any CPU.ActiveCfg = Debug|Any CPU
		{A03918A9-F229-42FF-B8BF-D6589B5232E4}.Debug|Any CPU.Build.0 = Debug|Any CPU
		{A03918A9-F229-42FF-B8BF-D6589B5232E4}.Release|Any CPU.ActiveCfg = Release|Any CPU
		{A03918A9-F229-42FF-B8BF-D6589B5232E4}.Release|Any CPU.Build.0 = Release|Any CPU
		{290A8729-E73D-4709-BE69-DE96B47D1637}.Debug|Any CPU.ActiveCfg = Debug|Any CPU
		{290A8729-E73D-4709-BE69-DE96B47D1637}.Debug|Any CPU.Build.0 = Debug|Any CPU
		{290A8729-E73D-4709-BE69-DE96B47D1637}.Release|Any CPU.ActiveCfg = Release|Any CPU
		{290A8729-E73D-4709-BE69-DE96B47D1637}.Release|Any CPU.Build.0 = Release|Any CPU
		{A3CA706D-5749-4077-B086-F3E0670AC6C0}.Debug|Any CPU.ActiveCfg = Debug|Any CPU
		{A3CA706D-5749-4077-B086-F3E0670AC6C0}.Debug|Any CPU.Build.0 = Debug|Any CPU
		{A3CA706D-5749-4077-B086-F3E0670AC6C0}.Release|Any CPU.ActiveCfg = Release|Any CPU
		{A3CA706D-5749-4077-B086-F3E0670AC6C0}.Release|Any CPU.Build.0 = Release|Any CPU
		{BC5FE3F7-4C13-45A7-ACA5-4AAFF3C674D3}.Debug|Any CPU.ActiveCfg = Debug|Any CPU
		{BC5FE3F7-4C13-45A7-ACA5-4AAFF3C674D3}.Debug|Any CPU.Build.0 = Debug|Any CPU
		{BC5FE3F7-4C13-45A7-ACA5-4AAFF3C674D3}.Release|Any CPU.ActiveCfg = Release|Any CPU
		{BC5FE3F7-4C13-45A7-ACA5-4AAFF3C674D3}.Release|Any CPU.Build.0 = Release|Any CPU
	EndGlobalSection
	GlobalSection(SolutionProperties) = preSolution
		HideSolutionNode = FALSE
	EndGlobalSection
	GlobalSection(NestedProjects) = preSolution
		{AD8E0560-10CC-4151-8D83-6257D7398DA2} = {02EA681E-C7D8-13C7-8484-4AC65E1B71E8}
		{F543EE55-0933-47D6-83B3-7746881E00C5} = {02EA681E-C7D8-13C7-8484-4AC65E1B71E8}
		{A03918A9-F229-42FF-B8BF-D6589B5232E4} = {02EA681E-C7D8-13C7-8484-4AC65E1B71E8}
		{290A8729-E73D-4709-BE69-DE96B47D1637} = {9B0588E9-5674-4B40-B522-3371B35F72E1}
		{A3CA706D-5749-4077-B086-F3E0670AC6C0} = {9B0588E9-5674-4B40-B522-3371B35F72E1}
		{BC5FE3F7-4C13-45A7-ACA5-4AAFF3C674D3} = {9B0588E9-5674-4B40-B522-3371B35F72E1}
	EndGlobalSection
	GlobalSection(ExtensibilityGlobals) = postSolution
		SolutionGuid = {F8D83377-7B43-4381-B84A-3FB62299C96D}
	EndGlobalSection
EndGlobal
